
Microsoft Visual Studio Solution File, Format Version 12.00
# Visual Studio Version 16
VisualStudioVersion = 16.0.29230.47
MinimumVisualStudioVersion = 10.0.40219.1
Project("{FAE04EC0-301F-11D3-BF4B-00C04F79EFBC}") = "WpfAppGUI", "WpfAppGUI\WpfAppGUI.csproj", "{B8EB168C-9B27-48CA-8319-C02ACC35F93B}"
EndProject
Global
	GlobalSection(SolutionConfigurationPlatforms) = preSolution
		Debug|Any CPU = Debug|Any CPU
		Release|Any CPU = Release|Any CPU
	EndGlobalSection
	GlobalSection(ProjectConfigurationPlatforms) = postSolution
		{B8EB168C-9B27-48CA-8319-C02ACC35F93B}.Debug|Any CPU.ActiveCfg = Debug|Any CPU
		{B8EB168C-9B27-48CA-8319-C02ACC35F93B}.Debug|Any CPU.Build.0 = Debug|Any CPU
		{B8EB168C-9B27-48CA-8319-C02ACC35F93B}.Release|Any CPU.ActiveCfg = Release|Any CPU
		{B8EB168C-9B27-48CA-8319-C02ACC35F93B}.Release|Any CPU.Build.0 = Release|Any CPU
	EndGlobalSection
	GlobalSection(SolutionProperties) = preSolution
		HideSolutionNode = FALSE
	EndGlobalSection
	GlobalSection(ExtensibilityGlobals) = postSolution
		SolutionGuid = {2C24F25B-669E-4987-81E9-2BE50C4A60B3}
	EndGlobalSection
EndGlobal
